
Microsoft Visual Studio Solution File, Format Version 12.00
# Visual Studio Version 17
VisualStudioVersion = 17.0.32112.339
MinimumVisualStudioVersion = 15.0.26124.0
Project("{9A19103F-16F7-4668-BE54-9A1E7A4F7556}") = "ExpressionStringEvaluator", "src\ExpressionStringEvaluator\ExpressionStringEvaluator.csproj", "{93ADA141-B0C5-474C-8513-55521C95B860}"
EndProject
Project("{9A19103F-16F7-4668-BE54-9A1E7A4F7556}") = "ExpressionStringEvaluator.Tests", "tests\ExpressionStringEvaluator.Tests\ExpressionStringEvaluator.Tests.csproj", "{15F29C11-BA64-4CF2-8896-0822E4884BCE}"
EndProject
Project("{2150E333-8FDC-42A3-9474-1A3956D46DE8}") = "Solution Items", "Solution Items", "{F3EE59DF-4E4A-4F05-853D-FA6389B21DFD}"
	ProjectSection(SolutionItems) = preProject
		.editorconfig = .editorconfig
	EndProjectSection
EndProject
Global
	GlobalSection(SolutionConfigurationPlatforms) = preSolution
		Debug|Any CPU = Debug|Any CPU
		Release|Any CPU = Release|Any CPU
	EndGlobalSection
	GlobalSection(ProjectConfigurationPlatforms) = postSolution
		{93ADA141-B0C5-474C-8513-55521C95B860}.Debug|Any CPU.ActiveCfg = Debug|Any CPU
		{93ADA141-B0C5-474C-8513-55521C95B860}.Debug|Any CPU.Build.0 = Debug|Any CPU
		{93ADA141-B0C5-474C-8513-55521C95B860}.Release|Any CPU.ActiveCfg = Release|Any CPU
		{93ADA141-B0C5-474C-8513-55521C95B860}.Release|Any CPU.Build.0 = Release|Any CPU
		{15F29C11-BA64-4CF2-8896-0822E4884BCE}.Debug|Any CPU.ActiveCfg = Debug|Any CPU
		{15F29C11-BA64-4CF2-8896-0822E4884BCE}.Debug|Any CPU.Build.0 = Debug|Any CPU
		{15F29C11-BA64-4CF2-8896-0822E4884BCE}.Release|Any CPU.ActiveCfg = Release|Any CPU
		{15F29C11-BA64-4CF2-8896-0822E4884BCE}.Release|Any CPU.Build.0 = Release|Any CPU
	EndGlobalSection
	GlobalSection(SolutionProperties) = preSolution
		HideSolutionNode = FALSE
	EndGlobalSection
	GlobalSection(ExtensibilityGlobals) = postSolution
		SolutionGuid = {9255589F-4D93-429B-B18F-DE516D4E0F87}
	EndGlobalSection
EndGlobal
